
Microsoft Visual Studio Solution File, Format Version 12.00
# Visual Studio Version 17
VisualStudioVersion = 17.2.32616.157
MinimumVisualStudioVersion = 10.0.40219.1
Project("{FAE04EC0-301F-11D3-BF4B-00C04F79EFBC}") = "ReportAPI", "ReportAPI\ReportAPI.csproj", "{A0FCB82E-FAE9-4144-9CBC-6D5CBCFB0CDC}"
EndProject
Global
	GlobalSection(SolutionConfigurationPlatforms) = preSolution
		Debug|Any CPU = Debug|Any CPU
		Release|Any CPU = Release|Any CPU
	EndGlobalSection
	GlobalSection(ProjectConfigurationPlatforms) = postSolution
		{A0FCB82E-FAE9-4144-9CBC-6D5CBCFB0CDC}.Debug|Any CPU.ActiveCfg = Debug|Any CPU
		{A0FCB82E-FAE9-4144-9CBC-6D5CBCFB0CDC}.Debug|Any CPU.Build.0 = Debug|Any CPU
		{A0FCB82E-FAE9-4144-9CBC-6D5CBCFB0CDC}.Release|Any CPU.ActiveCfg = Release|Any CPU
		{A0FCB82E-FAE9-4144-9CBC-6D5CBCFB0CDC}.Release|Any CPU.Build.0 = Release|Any CPU
	EndGlobalSection
	GlobalSection(SolutionProperties) = preSolution
		HideSolutionNode = FALSE
	EndGlobalSection
	GlobalSection(ExtensibilityGlobals) = postSolution
		SolutionGuid = {8A8E5423-9358-470D-AEBA-DE0A9A69169C}
	EndGlobalSection
EndGlobal
