
Microsoft Visual Studio Solution File, Format Version 12.00
# Visual Studio Version 17
VisualStudioVersion = 17.2.32616.157
MinimumVisualStudioVersion = 10.0.40219.1
Project("{FAE04EC0-301F-11D3-BF4B-00C04F79EFBC}") = "ReportAPI", "ReportAPI\ReportAPI.csproj", "{635FDAD9-5D73-44DD-932D-2B65683C1D0F}"
EndProject
Global
	GlobalSection(SolutionConfigurationPlatforms) = preSolution
		Debug|Any CPU = Debug|Any CPU
		Release|Any CPU = Release|Any CPU
	EndGlobalSection
	GlobalSection(ProjectConfigurationPlatforms) = postSolution
		{635FDAD9-5D73-44DD-932D-2B65683C1D0F}.Debug|Any CPU.ActiveCfg = Debug|Any CPU
		{635FDAD9-5D73-44DD-932D-2B65683C1D0F}.Debug|Any CPU.Build.0 = Debug|Any CPU
		{635FDAD9-5D73-44DD-932D-2B65683C1D0F}.Release|Any CPU.ActiveCfg = Release|Any CPU
		{635FDAD9-5D73-44DD-932D-2B65683C1D0F}.Release|Any CPU.Build.0 = Release|Any CPU
	EndGlobalSection
	GlobalSection(SolutionProperties) = preSolution
		HideSolutionNode = FALSE
	EndGlobalSection
	GlobalSection(ExtensibilityGlobals) = postSolution
		SolutionGuid = {5371B949-CFB1-493C-BD7E-9040B5E350F9}
	EndGlobalSection
EndGlobal
