
Microsoft Visual Studio Solution File, Format Version 12.00
# Visual Studio Version 17
VisualStudioVersion = 17.3.32819.101
MinimumVisualStudioVersion = 10.0.40219.1
Project("{FAE04EC0-301F-11D3-BF4B-00C04F79EFBC}") = "ReportAPI", "ReportAPI\ReportAPI.csproj", "{C4401B2D-FE61-4EDE-B150-67C36E1BE4D7}"
EndProject
Global
	GlobalSection(SolutionConfigurationPlatforms) = preSolution
		Debug|Any CPU = Debug|Any CPU
		Release|Any CPU = Release|Any CPU
	EndGlobalSection
	GlobalSection(ProjectConfigurationPlatforms) = postSolution
		{C4401B2D-FE61-4EDE-B150-67C36E1BE4D7}.Debug|Any CPU.ActiveCfg = Debug|Any CPU
		{C4401B2D-FE61-4EDE-B150-67C36E1BE4D7}.Debug|Any CPU.Build.0 = Debug|Any CPU
		{C4401B2D-FE61-4EDE-B150-67C36E1BE4D7}.Release|Any CPU.ActiveCfg = Release|Any CPU
		{C4401B2D-FE61-4EDE-B150-67C36E1BE4D7}.Release|Any CPU.Build.0 = Release|Any CPU
	EndGlobalSection
	GlobalSection(SolutionProperties) = preSolution
		HideSolutionNode = FALSE
	EndGlobalSection
	GlobalSection(ExtensibilityGlobals) = postSolution
		SolutionGuid = {A29509CE-3098-431E-8CC8-8AFCAC94D947}
	EndGlobalSection
EndGlobal
